{
  "requires": true,
  "lockfileVersion": 1,
  "dependencies": {
    "french-verbs-lefff": {
      "version": "0.10.1",
      "resolved": "https://registry.npmjs.org/french-verbs-lefff/-/french-verbs-lefff-0.10.1.tgz",
      "integrity": "sha512-BMgaXghfL0ZrhwW018oOECjpDDoxzqhK75EEc1fRT/GtfFllKRYpCyiqMjwAAJNmdLtyovwDFBEVVT0di5e2aA=="
    },
    "french-verbs-list": {
      "version": "0.0.2",
      "resolved": "https://registry.npmjs.org/french-verbs-list/-/french-verbs-list-0.0.2.tgz",
      "integrity": "sha512-EBoJ+JNS6Nv6PTvF8HxvUoMG9TRycrx9vYVcthjqqPKEWt8ZX5zEb9erh/RWFNYPRo5aHmiDlYQlZjhSlomBRA=="
    }
  }
}
